
Microsoft Visual Studio Solution File, Format Version 12.00
# Visual Studio 15
VisualStudioVersion = 15.0.27004.2005
MinimumVisualStudioVersion = 10.0.40219.1
Project("{FAE04EC0-301F-11D3-BF4B-00C04F79EFBC}") = "MvcLearn", "MvcLearn\MvcLearn.csproj", "{F5FF56D6-C78E-4357-9271-EA75DE1F8631}"
EndProject
Global
	GlobalSection(SolutionConfigurationPlatforms) = preSolution
		Debug|Any CPU = Debug|Any CPU
		Release|Any CPU = Release|Any CPU
	EndGlobalSection
	GlobalSection(ProjectConfigurationPlatforms) = postSolution
		{F5FF56D6-C78E-4357-9271-EA75DE1F8631}.Debug|Any CPU.ActiveCfg = Debug|Any CPU
		{F5FF56D6-C78E-4357-9271-EA75DE1F8631}.Debug|Any CPU.Build.0 = Debug|Any CPU
		{F5FF56D6-C78E-4357-9271-EA75DE1F8631}.Release|Any CPU.ActiveCfg = Release|Any CPU
		{F5FF56D6-C78E-4357-9271-EA75DE1F8631}.Release|Any CPU.Build.0 = Release|Any CPU
	EndGlobalSection
	GlobalSection(SolutionProperties) = preSolution
		HideSolutionNode = FALSE
	EndGlobalSection
	GlobalSection(ExtensibilityGlobals) = postSolution
		SolutionGuid = {D5AD66C4-A500-490D-AC4A-8DF0D2449567}
	EndGlobalSection
EndGlobal
